
Microsoft Visual Studio Solution File, Format Version 12.00
# Visual Studio Version 16
VisualStudioVersion = 16.0.29418.71
MinimumVisualStudioVersion = 10.0.40219.1
Project("{FAE04EC0-301F-11D3-BF4B-00C04F79EFBC}") = "XPinYin", "XPinYin\XPinYin.csproj", "{CCAE50CD-4F16-4A65-B7E5-D6EB8607D92A}"
EndProject
Project("{FAE04EC0-301F-11D3-BF4B-00C04F79EFBC}") = "XPinYinTest", "XPinYinTest\XPinYinTest.csproj", "{145CC119-9729-42B6-94DA-033D5D4E8427}"
EndProject
Global
	GlobalSection(SolutionConfigurationPlatforms) = preSolution
		Debug|Any CPU = Debug|Any CPU
		Release|Any CPU = Release|Any CPU
	EndGlobalSection
	GlobalSection(ProjectConfigurationPlatforms) = postSolution
		{CCAE50CD-4F16-4A65-B7E5-D6EB8607D92A}.Debug|Any CPU.ActiveCfg = Debug|Any CPU
		{CCAE50CD-4F16-4A65-B7E5-D6EB8607D92A}.Debug|Any CPU.Build.0 = Debug|Any CPU
		{CCAE50CD-4F16-4A65-B7E5-D6EB8607D92A}.Release|Any CPU.ActiveCfg = Release|Any CPU
		{CCAE50CD-4F16-4A65-B7E5-D6EB8607D92A}.Release|Any CPU.Build.0 = Release|Any CPU
		{145CC119-9729-42B6-94DA-033D5D4E8427}.Debug|Any CPU.ActiveCfg = Debug|Any CPU
		{145CC119-9729-42B6-94DA-033D5D4E8427}.Debug|Any CPU.Build.0 = Debug|Any CPU
		{145CC119-9729-42B6-94DA-033D5D4E8427}.Release|Any CPU.ActiveCfg = Release|Any CPU
		{145CC119-9729-42B6-94DA-033D5D4E8427}.Release|Any CPU.Build.0 = Release|Any CPU
	EndGlobalSection
	GlobalSection(SolutionProperties) = preSolution
		HideSolutionNode = FALSE
	EndGlobalSection
	GlobalSection(ExtensibilityGlobals) = postSolution
		SolutionGuid = {A1D9BD1C-92BC-41E0-9285-0416407023B4}
	EndGlobalSection
EndGlobal
